
Microsoft Visual Studio Solution File, Format Version 12.00
# Visual Studio Version 16
VisualStudioVersion = 16.0.30621.155
MinimumVisualStudioVersion = 15.0.26124.0
Project("{9A19103F-16F7-4668-BE54-9A1E7A4F7556}") = "EgitimModuluApp", "EgitimModuluApp\EgitimModuluApp.csproj", "{9D4BF618-572E-4E32-82BB-40CC662FD196}"
EndProject
Project("{FAE04EC0-301F-11D3-BF4B-00C04F79EFBC}") = "DataAccess", "DataAccess\DataAccess.csproj", "{8EC3F295-0A43-49A6-9118-FAB7730194DF}"
EndProject
Project("{FAE04EC0-301F-11D3-BF4B-00C04F79EFBC}") = "Entities", "Entities\Entities.csproj", "{541350EF-3B78-4DF0-978F-512339BC40DA}"
EndProject
Global
	GlobalSection(SolutionConfigurationPlatforms) = preSolution
		Debug|Any CPU = Debug|Any CPU
		Debug|x64 = Debug|x64
		Debug|x86 = Debug|x86
		Release|Any CPU = Release|Any CPU
		Release|x64 = Release|x64
		Release|x86 = Release|x86
	EndGlobalSection
	GlobalSection(ProjectConfigurationPlatforms) = postSolution
		{9D4BF618-572E-4E32-82BB-40CC662FD196}.Debug|Any CPU.ActiveCfg = Debug|Any CPU
		{9D4BF618-572E-4E32-82BB-40CC662FD196}.Debug|Any CPU.Build.0 = Debug|Any CPU
		{9D4BF618-572E-4E32-82BB-40CC662FD196}.Debug|x64.ActiveCfg = Debug|Any CPU
		{9D4BF618-572E-4E32-82BB-40CC662FD196}.Debug|x64.Build.0 = Debug|Any CPU
		{9D4BF618-572E-4E32-82BB-40CC662FD196}.Debug|x86.ActiveCfg = Debug|Any CPU
		{9D4BF618-572E-4E32-82BB-40CC662FD196}.Debug|x86.Build.0 = Debug|Any CPU
		{9D4BF618-572E-4E32-82BB-40CC662FD196}.Release|Any CPU.ActiveCfg = Release|Any CPU
		{9D4BF618-572E-4E32-82BB-40CC662FD196}.Release|Any CPU.Build.0 = Release|Any CPU
		{9D4BF618-572E-4E32-82BB-40CC662FD196}.Release|x64.ActiveCfg = Release|Any CPU
		{9D4BF618-572E-4E32-82BB-40CC662FD196}.Release|x64.Build.0 = Release|Any CPU
		{9D4BF618-572E-4E32-82BB-40CC662FD196}.Release|x86.ActiveCfg = Release|Any CPU
		{9D4BF618-572E-4E32-82BB-40CC662FD196}.Release|x86.Build.0 = Release|Any CPU
		{8EC3F295-0A43-49A6-9118-FAB7730194DF}.Debug|Any CPU.ActiveCfg = Debug|Any CPU
		{8EC3F295-0A43-49A6-9118-FAB7730194DF}.Debug|Any CPU.Build.0 = Debug|Any CPU
		{8EC3F295-0A43-49A6-9118-FAB7730194DF}.Debug|x64.ActiveCfg = Debug|Any CPU
		{8EC3F295-0A43-49A6-9118-FAB7730194DF}.Debug|x64.Build.0 = Debug|Any CPU
		{8EC3F295-0A43-49A6-9118-FAB7730194DF}.Debug|x86.ActiveCfg = Debug|Any CPU
		{8EC3F295-0A43-49A6-9118-FAB7730194DF}.Debug|x86.Build.0 = Debug|Any CPU
		{8EC3F295-0A43-49A6-9118-FAB7730194DF}.Release|Any CPU.ActiveCfg = Release|Any CPU
		{8EC3F295-0A43-49A6-9118-FAB7730194DF}.Release|Any CPU.Build.0 = Release|Any CPU
		{8EC3F295-0A43-49A6-9118-FAB7730194DF}.Release|x64.ActiveCfg = Release|Any CPU
		{8EC3F295-0A43-49A6-9118-FAB7730194DF}.Release|x64.Build.0 = Release|Any CPU
		{8EC3F295-0A43-49A6-9118-FAB7730194DF}.Release|x86.ActiveCfg = Release|Any CPU
		{8EC3F295-0A43-49A6-9118-FAB7730194DF}.Release|x86.Build.0 = Release|Any CPU
		{541350EF-3B78-4DF0-978F-512339BC40DA}.Debug|Any CPU.ActiveCfg = Debug|Any CPU
		{541350EF-3B78-4DF0-978F-512339BC40DA}.Debug|Any CPU.Build.0 = Debug|Any CPU
		{541350EF-3B78-4DF0-978F-512339BC40DA}.Debug|x64.ActiveCfg = Debug|Any CPU
		{541350EF-3B78-4DF0-978F-512339BC40DA}.Debug|x64.Build.0 = Debug|Any CPU
		{541350EF-3B78-4DF0-978F-512339BC40DA}.Debug|x86.ActiveCfg = Debug|Any CPU
		{541350EF-3B78-4DF0-978F-512339BC40DA}.Debug|x86.Build.0 = Debug|Any CPU
		{541350EF-3B78-4DF0-978F-512339BC40DA}.Release|Any CPU.ActiveCfg = Release|Any CPU
		{541350EF-3B78-4DF0-978F-512339BC40DA}.Release|Any CPU.Build.0 = Release|Any CPU
		{541350EF-3B78-4DF0-978F-512339BC40DA}.Release|x64.ActiveCfg = Release|Any CPU
		{541350EF-3B78-4DF0-978F-512339BC40DA}.Release|x64.Build.0 = Release|Any CPU
		{541350EF-3B78-4DF0-978F-512339BC40DA}.Release|x86.ActiveCfg = Release|Any CPU
		{541350EF-3B78-4DF0-978F-512339BC40DA}.Release|x86.Build.0 = Release|Any CPU
	EndGlobalSection
	GlobalSection(SolutionProperties) = preSolution
		HideSolutionNode = FALSE
	EndGlobalSection
	GlobalSection(ExtensibilityGlobals) = postSolution
		SolutionGuid = {D1576A8B-C4A0-4A79-98D9-9B9B49875671}
	EndGlobalSection
EndGlobal
